
Microsoft Visual Studio Solution File, Format Version 12.00
# Visual Studio Version 17
VisualStudioVersion = 17.1.32421.90
MinimumVisualStudioVersion = 10.0.40219.1
Project("{9A19103F-16F7-4668-BE54-9A1E7A4F7556}") = "Revoke.NET", "Revoke.NET\Revoke.NET.csproj", "{5830C4B1-9EC8-4393-9918-766A0CCA6F04}"
EndProject
Project("{9A19103F-16F7-4668-BE54-9A1E7A4F7556}") = "Revoke.NET.MinimalAPIExample", "Revoke.NET.MinimalAPIExample\Revoke.NET.MinimalAPIExample.csproj", "{24F89710-1FE6-4D0F-9E63-4D6042D1A569}"
EndProject
Project("{9A19103F-16F7-4668-BE54-9A1E7A4F7556}") = "Revoke.NET.MongoDB", "Revoke.NET.MongoDB\Revoke.NET.MongoDB.csproj", "{1D39190B-E092-47F6-AC4E-BD24F04F55D3}"
EndProject
Project("{9A19103F-16F7-4668-BE54-9A1E7A4F7556}") = "Revoke.NET.Akavache", "Revoke.NET.Akavache\Revoke.NET.Akavache.csproj", "{E3CECBB3-985E-40B1-A5B2-E312463A3A72}"
EndProject
Project("{9A19103F-16F7-4668-BE54-9A1E7A4F7556}") = "Revoke.NET.EasyCaching", "Revoke.NET.EasyCaching\Revoke.NET.EasyCaching.csproj", "{01B7F2DA-A733-4025-8B38-4C8E698D4C92}"
EndProject
Project("{9A19103F-16F7-4668-BE54-9A1E7A4F7556}") = "Revoke.NET.Redis", "Revoke.NET.Redis\Revoke.NET.Redis.csproj", "{A5F3BC02-9E8F-444F-BDF8-27C3815C2362}"
EndProject
Project("{9A19103F-16F7-4668-BE54-9A1E7A4F7556}") = "Revoke.NET.AspNetCore", "Revoke.NET.AspNetCore\Revoke.NET.AspNetCore.csproj", "{54D90C45-FE00-4AB3-9369-8BBDA03863BA}"
EndProject
Project("{FAE04EC0-301F-11D3-BF4B-00C04F79EFBC}") = "Test", "Test\Test.csproj", "{BC5B0041-DDA4-470A-92AD-9B6AB67E120D}"
EndProject
Global
	GlobalSection(SolutionConfigurationPlatforms) = preSolution
		Debug|Any CPU = Debug|Any CPU
		Release|Any CPU = Release|Any CPU
	EndGlobalSection
	GlobalSection(ProjectConfigurationPlatforms) = postSolution
		{5830C4B1-9EC8-4393-9918-766A0CCA6F04}.Debug|Any CPU.ActiveCfg = Debug|Any CPU
		{5830C4B1-9EC8-4393-9918-766A0CCA6F04}.Debug|Any CPU.Build.0 = Debug|Any CPU
		{5830C4B1-9EC8-4393-9918-766A0CCA6F04}.Release|Any CPU.ActiveCfg = Release|Any CPU
		{5830C4B1-9EC8-4393-9918-766A0CCA6F04}.Release|Any CPU.Build.0 = Release|Any CPU
		{24F89710-1FE6-4D0F-9E63-4D6042D1A569}.Debug|Any CPU.ActiveCfg = Debug|Any CPU
		{24F89710-1FE6-4D0F-9E63-4D6042D1A569}.Debug|Any CPU.Build.0 = Debug|Any CPU
		{24F89710-1FE6-4D0F-9E63-4D6042D1A569}.Release|Any CPU.ActiveCfg = Release|Any CPU
		{24F89710-1FE6-4D0F-9E63-4D6042D1A569}.Release|Any CPU.Build.0 = Release|Any CPU
		{1D39190B-E092-47F6-AC4E-BD24F04F55D3}.Debug|Any CPU.ActiveCfg = Debug|Any CPU
		{1D39190B-E092-47F6-AC4E-BD24F04F55D3}.Debug|Any CPU.Build.0 = Debug|Any CPU
		{1D39190B-E092-47F6-AC4E-BD24F04F55D3}.Release|Any CPU.ActiveCfg = Release|Any CPU
		{1D39190B-E092-47F6-AC4E-BD24F04F55D3}.Release|Any CPU.Build.0 = Release|Any CPU
		{E3CECBB3-985E-40B1-A5B2-E312463A3A72}.Debug|Any CPU.ActiveCfg = Debug|Any CPU
		{E3CECBB3-985E-40B1-A5B2-E312463A3A72}.Debug|Any CPU.Build.0 = Debug|Any CPU
		{E3CECBB3-985E-40B1-A5B2-E312463A3A72}.Release|Any CPU.ActiveCfg = Release|Any CPU
		{E3CECBB3-985E-40B1-A5B2-E312463A3A72}.Release|Any CPU.Build.0 = Release|Any CPU
		{01B7F2DA-A733-4025-8B38-4C8E698D4C92}.Debug|Any CPU.ActiveCfg = Debug|Any CPU
		{01B7F2DA-A733-4025-8B38-4C8E698D4C92}.Debug|Any CPU.Build.0 = Debug|Any CPU
		{01B7F2DA-A733-4025-8B38-4C8E698D4C92}.Release|Any CPU.ActiveCfg = Release|Any CPU
		{01B7F2DA-A733-4025-8B38-4C8E698D4C92}.Release|Any CPU.Build.0 = Release|Any CPU
		{A5F3BC02-9E8F-444F-BDF8-27C3815C2362}.Debug|Any CPU.ActiveCfg = Debug|Any CPU
		{A5F3BC02-9E8F-444F-BDF8-27C3815C2362}.Debug|Any CPU.Build.0 = Debug|Any CPU
		{A5F3BC02-9E8F-444F-BDF8-27C3815C2362}.Release|Any CPU.ActiveCfg = Release|Any CPU
		{A5F3BC02-9E8F-444F-BDF8-27C3815C2362}.Release|Any CPU.Build.0 = Release|Any CPU
		{54D90C45-FE00-4AB3-9369-8BBDA03863BA}.Debug|Any CPU.ActiveCfg = Debug|Any CPU
		{54D90C45-FE00-4AB3-9369-8BBDA03863BA}.Debug|Any CPU.Build.0 = Debug|Any CPU
		{54D90C45-FE00-4AB3-9369-8BBDA03863BA}.Release|Any CPU.ActiveCfg = Release|Any CPU
		{54D90C45-FE00-4AB3-9369-8BBDA03863BA}.Release|Any CPU.Build.0 = Release|Any CPU
		{BC5B0041-DDA4-470A-92AD-9B6AB67E120D}.Debug|Any CPU.ActiveCfg = Debug|Any CPU
		{BC5B0041-DDA4-470A-92AD-9B6AB67E120D}.Debug|Any CPU.Build.0 = Debug|Any CPU
		{BC5B0041-DDA4-470A-92AD-9B6AB67E120D}.Release|Any CPU.ActiveCfg = Release|Any CPU
		{BC5B0041-DDA4-470A-92AD-9B6AB67E120D}.Release|Any CPU.Build.0 = Release|Any CPU
	EndGlobalSection
	GlobalSection(SolutionProperties) = preSolution
		HideSolutionNode = FALSE
	EndGlobalSection
	GlobalSection(ExtensibilityGlobals) = postSolution
		SolutionGuid = {D9C520A5-3E5C-4695-9738-795EA9090A55}
	EndGlobalSection
EndGlobal
