
Microsoft Visual Studio Solution File, Format Version 12.00
# Visual Studio Version 17
VisualStudioVersion = 17.1.32421.90
MinimumVisualStudioVersion = 10.0.40219.1
Project("{9A19103F-16F7-4668-BE54-9A1E7A4F7556}") = "Revoke.NET", "Revoke.NET\Revoke.NET.csproj", "{5830C4B1-9EC8-4393-9918-766A0CCA6F04}"
EndProject
Project("{FAE04EC0-301F-11D3-BF4B-00C04F79EFBC}") = "Revoke.NET.MinimalAPIExample", "Revoke.NET.MinimalAPIExample\Revoke.NET.MinimalAPIExample.csproj", "{24F89710-1FE6-4D0F-9E63-4D6042D1A569}"
EndProject
Global
	GlobalSection(SolutionConfigurationPlatforms) = preSolution
		Debug|Any CPU = Debug|Any CPU
		Release|Any CPU = Release|Any CPU
	EndGlobalSection
	GlobalSection(ProjectConfigurationPlatforms) = postSolution
		{5830C4B1-9EC8-4393-9918-766A0CCA6F04}.Debug|Any CPU.ActiveCfg = Debug|Any CPU
		{5830C4B1-9EC8-4393-9918-766A0CCA6F04}.Debug|Any CPU.Build.0 = Debug|Any CPU
		{5830C4B1-9EC8-4393-9918-766A0CCA6F04}.Release|Any CPU.ActiveCfg = Release|Any CPU
		{5830C4B1-9EC8-4393-9918-766A0CCA6F04}.Release|Any CPU.Build.0 = Release|Any CPU
		{24F89710-1FE6-4D0F-9E63-4D6042D1A569}.Debug|Any CPU.ActiveCfg = Debug|Any CPU
		{24F89710-1FE6-4D0F-9E63-4D6042D1A569}.Debug|Any CPU.Build.0 = Debug|Any CPU
		{24F89710-1FE6-4D0F-9E63-4D6042D1A569}.Release|Any CPU.ActiveCfg = Release|Any CPU
		{24F89710-1FE6-4D0F-9E63-4D6042D1A569}.Release|Any CPU.Build.0 = Release|Any CPU
	EndGlobalSection
	GlobalSection(SolutionProperties) = preSolution
		HideSolutionNode = FALSE
	EndGlobalSection
	GlobalSection(ExtensibilityGlobals) = postSolution
		SolutionGuid = {D9C520A5-3E5C-4695-9738-795EA9090A55}
	EndGlobalSection
EndGlobal
